// !$*UTF8*$!
{
	archiveVersion = 1;
	classes = {
	};
	objectVersion = 50;
	objects = {

/* Begin PBXBuildFile section */
		E312CC0F21505E740024E412 /* ProductCell.swift in Sources */ = {isa = PBXBuildFile; fileRef = E312CC0E21505E740024E412 /* ProductCell.swift */; };
		E312CC132150E9A40024E412 /* Product.swift in Sources */ = {isa = PBXBuildFile; fileRef = E312CC122150E9A40024E412 /* Product.swift */; };
		E312CC152150EFA90024E412 /* ProductVC.swift in Sources */ = {isa = PBXBuildFile; fileRef = E312CC142150EFA90024E412 /* ProductVC.swift */; };
		E388A0C7214BE8930036BADF /* CategoryCell.swift in Sources */ = {isa = PBXBuildFile; fileRef = E388A0C6214BE8930036BADF /* CategoryCell.swift */; };
		E388A0C9214C01BC0036BADF /* Category.swift in Sources */ = {isa = PBXBuildFile; fileRef = E388A0C8214C01BC0036BADF /* Category.swift */; };
		E388A0CC214C03DE0036BADF /* DataService.swift in Sources */ = {isa = PBXBuildFile; fileRef = E388A0CB214C03DE0036BADF /* DataService.swift */; };
		E39275D2214BBB2700C97463 /* AppDelegate.swift in Sources */ = {isa = PBXBuildFile; fileRef = E39275D1214BBB2700C97463 /* AppDelegate.swift */; };
		E39275D4214BBB2700C97463 /* CategorieVC.swift in Sources */ = {isa = PBXBuildFile; fileRef = E39275D3214BBB2700C97463 /* CategorieVC.swift */; };
		E39275D7214BBB2700C97463 /* Main.storyboard in Resources */ = {isa = PBXBuildFile; fileRef = E39275D5214BBB2700C97463 /* Main.storyboard */; };
		E39275DC214BBB2900C97463 /* LaunchScreen.storyboard in Resources */ = {isa = PBXBuildFile; fileRef = E39275DA214BBB2900C97463 /* LaunchScreen.storyboard */; };
		E3CDF5E1214BE260004C7C36 /* images.xcassets in Resources */ = {isa = PBXBuildFile; fileRef = E3CDF5E0214BE260004C7C36 /* images.xcassets */; };
/* End PBXBuildFile section */

/* Begin PBXFileReference section */
		E312CC0E21505E740024E412 /* ProductCell.swift */ = {isa = PBXFileReference; lastKnownFileType = sourcecode.swift; path = ProductCell.swift; sourceTree = "<group>"; };
		E312CC122150E9A40024E412 /* Product.swift */ = {isa = PBXFileReference; lastKnownFileType = sourcecode.swift; path = Product.swift; sourceTree = "<group>"; };
		E312CC142150EFA90024E412 /* ProductVC.swift */ = {isa = PBXFileReference; lastKnownFileType = sourcecode.swift; path = ProductVC.swift; sourceTree = "<group>"; };
		E388A0C6214BE8930036BADF /* CategoryCell.swift */ = {isa = PBXFileReference; lastKnownFileType = sourcecode.swift; path = CategoryCell.swift; sourceTree = "<group>"; };
		E388A0C8214C01BC0036BADF /* Category.swift */ = {isa = PBXFileReference; lastKnownFileType = sourcecode.swift; path = Category.swift; sourceTree = "<group>"; };
		E388A0CB214C03DE0036BADF /* DataService.swift */ = {isa = PBXFileReference; lastKnownFileType = sourcecode.swift; path = DataService.swift; sourceTree = "<group>"; };
		E39275CE214BBB2700C97463 /* coder swag.app */ = {isa = PBXFileReference; explicitFileType = wrapper.application; includeInIndex = 0; path = "coder swag.app"; sourceTree = BUILT_PRODUCTS_DIR; };
		E39275D1214BBB2700C97463 /* AppDelegate.swift */ = {isa = PBXFileReference; lastKnownFileType = sourcecode.swift; path = AppDelegate.swift; sourceTree = "<group>"; };
		E39275D3214BBB2700C97463 /* CategorieVC.swift */ = {isa = PBXFileReference; lastKnownFileType = sourcecode.swift; path = CategorieVC.swift; sourceTree = "<group>"; };
		E39275D6214BBB2700C97463 /* Base */ = {isa = PBXFileReference; lastKnownFileType = file.storyboard; name = Base; path = Base.lproj/Main.storyboard; sourceTree = "<group>"; };
		E39275DB214BBB2900C97463 /* Base */ = {isa = PBXFileReference; lastKnownFileType = file.storyboard; name = Base; path = Base.lproj/LaunchScreen.storyboard; sourceTree = "<group>"; };
		E39275DD214BBB2900C97463 /* Info.plist */ = {isa = PBXFileReference; lastKnownFileType = text.plist.xml; path = Info.plist; sourceTree = "<group>"; };
		E3CDF5E0214BE260004C7C36 /* images.xcassets */ = {isa = PBXFileReference; lastKnownFileType = folder.assetcatalog; path = images.xcassets; sourceTree = "<group>"; };
/* End PBXFileReference section */

/* Begin PBXFrameworksBuildPhase section */
		E39275CB214BBB2700C97463 /* Frameworks */ = {
			isa = PBXFrameworksBuildPhase;
			buildActionMask = 2147483647;
			files = (
			);
			runOnlyForDeploymentPostprocessing = 0;
		};
/* End PBXFrameworksBuildPhase section */

/* Begin PBXGroup section */
		E388A0C3214BE7CA0036BADF /* Controller */ = {
			isa = PBXGroup;
			children = (
				E39275D3214BBB2700C97463 /* CategorieVC.swift */,
				E312CC142150EFA90024E412 /* ProductVC.swift */,
			);
			path = Controller;
			sourceTree = "<group>";
		};
		E388A0C4214BE7D20036BADF /* Views */ = {
			isa = PBXGroup;
			children = (
				E388A0C6214BE8930036BADF /* CategoryCell.swift */,
				E312CC0E21505E740024E412 /* ProductCell.swift */,
			);
			path = Views;
			sourceTree = "<group>";
		};
		E388A0C5214BE8110036BADF /* Model */ = {
			isa = PBXGroup;
			children = (
				E388A0C8214C01BC0036BADF /* Category.swift */,
				E312CC122150E9A40024E412 /* Product.swift */,
			);
			path = Model;
			sourceTree = "<group>";
		};
		E388A0CA214C03CB0036BADF /* services */ = {
			isa = PBXGroup;
			children = (
				E388A0CB214C03DE0036BADF /* DataService.swift */,
			);
			path = services;
			sourceTree = "<group>";
		};
		E39275C5214BBB2700C97463 = {
			isa = PBXGroup;
			children = (
				E39275D0214BBB2700C97463 /* coder swag */,
				E39275CF214BBB2700C97463 /* Products */,
			);
			sourceTree = "<group>";
		};
		E39275CF214BBB2700C97463 /* Products */ = {
			isa = PBXGroup;
			children = (
				E39275CE214BBB2700C97463 /* coder swag.app */,
			);
			name = Products;
			sourceTree = "<group>";
		};
		E39275D0214BBB2700C97463 /* coder swag */ = {
			isa = PBXGroup;
			children = (
				E388A0CA214C03CB0036BADF /* services */,
				E388A0C4214BE7D20036BADF /* Views */,
				E388A0C5214BE8110036BADF /* Model */,
				E388A0C3214BE7CA0036BADF /* Controller */,
				E39275D1214BBB2700C97463 /* AppDelegate.swift */,
				E39275D5214BBB2700C97463 /* Main.storyboard */,
				E3CDF5E0214BE260004C7C36 /* images.xcassets */,
				E39275DA214BBB2900C97463 /* LaunchScreen.storyboard */,
				E39275DD214BBB2900C97463 /* Info.plist */,
			);
			path = "coder swag";
			sourceTree = "<group>";
		};
/* End PBXGroup section */

/* Begin PBXNativeTarget section */
		E39275CD214BBB2700C97463 /* coder swag */ = {
			isa = PBXNativeTarget;
			buildConfigurationList = E39275E0214BBB2900C97463 /* Build configuration list for PBXNativeTarget "coder swag" */;
			buildPhases = (
				E39275CA214BBB2700C97463 /* Sources */,
				E39275CB214BBB2700C97463 /* Frameworks */,
				E39275CC214BBB2700C97463 /* Resources */,
			);
			buildRules = (
			);
			dependencies = (
			);
			name = "coder swag";
			productName = "coder swag";
			productReference = E39275CE214BBB2700C97463 /* coder swag.app */;
			productType = "com.apple.product-type.application";
		};
/* End PBXNativeTarget section */

/* Begin PBXProject section */
		E39275C6214BBB2700C97463 /* Project object */ = {
			isa = PBXProject;
			attributes = {
				LastSwiftUpdateCheck = 0940;
				LastUpgradeCheck = 0940;
				ORGANIZATIONNAME = "Laurent Pantaloni";
				TargetAttributes = {
					E39275CD214BBB2700C97463 = {
						CreatedOnToolsVersion = 9.4.1;
					};
				};
			};
			buildConfigurationList = E39275C9214BBB2700C97463 /* Build configuration list for PBXProject "coder swag" */;
			compatibilityVersion = "Xcode 9.3";
			developmentRegion = en;
			hasScannedForEncodings = 0;
			knownRegions = (
				en,
				Base,
			);
			mainGroup = E39275C5214BBB2700C97463;
			productRefGroup = E39275CF214BBB2700C97463 /* Products */;
			projectDirPath = "";
			projectRoot = "";
			targets = (
				E39275CD214BBB2700C97463 /* coder swag */,
			);
		};
/* End PBXProject section */

/* Begin PBXResourcesBuildPhase section */
		E39275CC214BBB2700C97463 /* Resources */ = {
			isa = PBXResourcesBuildPhase;
			buildActionMask = 2147483647;
			files = (
				E3CDF5E1214BE260004C7C36 /* images.xcassets in Resources */,
				E39275DC214BBB2900C97463 /* LaunchScreen.storyboard in Resources */,
				E39275D7214BBB2700C97463 /* Main.storyboard in Resources */,
			);
			runOnlyForDeploymentPostprocessing = 0;
		};
/* End PBXResourcesBuildPhase section */

/* Begin PBXSourcesBuildPhase section */
		E39275CA214BBB2700C97463 /* Sources */ = {
			isa = PBXSourcesBuildPhase;
			buildActionMask = 2147483647;
			files = (
				E39275D4214BBB2700C97463 /* CategorieVC.swift in Sources */,
				E388A0C7214BE8930036BADF /* CategoryCell.swift in Sources */,
				E39275D2214BBB2700C97463 /* AppDelegate.swift in Sources */,
				E312CC0F21505E740024E412 /* ProductCell.swift in Sources */,
				E312CC152150EFA90024E412 /* ProductVC.swift in Sources */,
				E388A0C9214C01BC0036BADF /* Category.swift in Sources */,
				E388A0CC214C03DE0036BADF /* DataService.swift in Sources */,
				E312CC132150E9A40024E412 /* Product.swift in Sources */,
			);
			runOnlyForDeploymentPostprocessing = 0;
		};
/* End PBXSourcesBuildPhase section */

/* Begin PBXVariantGroup section */
		E39275D5214BBB2700C97463 /* Main.storyboard */ = {
			isa = PBXVariantGroup;
			children = (
				E39275D6214BBB2700C97463 /* Base */,
			);
			name = Main.storyboard;
			sourceTree = "<group>";
		};
		E39275DA214BBB2900C97463 /* LaunchScreen.storyboard */ = {
			isa = PBXVariantGroup;
			children = (
				E39275DB214BBB2900C97463 /* Base */,
			);
			name = LaunchScreen.storyboard;
			sourceTree = "<group>";
		};
/* End PBXVariantGroup section */

/* Begin XCBuildConfiguration section */
		E39275DE214BBB2900C97463 /* Debug */ = {
			isa = XCBuildConfiguration;
			buildSettings = {
				ALWAYS_SEARCH_USER_PATHS = NO;
				CLANG_ANALYZER_NONNULL = YES;
				CLANG_ANALYZER_NUMBER_OBJECT_CONVERSION = YES_AGGRESSIVE;
				CLANG_CXX_LANGUAGE_STANDARD = "gnu++14";
				CLANG_CXX_LIBRARY = "libc++";
				CLANG_ENABLE_MODULES = YES;
				CLANG_ENABLE_OBJC_ARC = YES;
				CLANG_ENABLE_OBJC_WEAK = YES;
				CLANG_WARN_BLOCK_CAPTURE_AUTORELEASING = YES;
				CLANG_WARN_BOOL_CONVERSION = YES;
				CLANG_WARN_COMMA = YES;
				CLANG_WARN_CONSTANT_CONVERSION = YES;
				CLANG_WARN_DEPRECATED_OBJC_IMPLEMENTATIONS = YES;
				CLANG_WARN_DIRECT_OBJC_ISA_USAGE = YES_ERROR;
				CLANG_WARN_DOCUMENTATION_COMMENTS = YES;
				CLANG_WARN_EMPTY_BODY = YES;
				CLANG_WARN_ENUM_CONVERSION = YES;
				CLANG_WARN_INFINITE_RECURSION = YES;
				CLANG_WARN_INT_CONVERSION = YES;
				CLANG_WARN_NON_LITERAL_NULL_CONVERSION = YES;
				CLANG_WARN_OBJC_IMPLICIT_RETAIN_SELF = YES;
				CLANG_WARN_OBJC_LITERAL_CONVERSION = YES;
				CLANG_WARN_OBJC_ROOT_CLASS = YES_ERROR;
				CLANG_WARN_RANGE_LOOP_ANALYSIS = YES;
				CLANG_WARN_STRICT_PROTOTYPES = YES;
				CLANG_WARN_SUSPICIOUS_MOVE = YES;
				CLANG_WARN_UNGUARDED_AVAILABILITY = YES_AGGRESSIVE;
				CLANG_WARN_UNREACHABLE_CODE = YES;
				CLANG_WARN__DUPLICATE_METHOD_MATCH = YES;
				CODE_SIGN_IDENTITY = "iPhone Developer";
				COPY_PHASE_STRIP = NO;
				DEBUG_INFORMATION_FORMAT = dwarf;
				ENABLE_STRICT_OBJC_MSGSEND = YES;
				ENABLE_TESTABILITY = YES;
				GCC_C_LANGUAGE_STANDARD = gnu11;
				GCC_DYNAMIC_NO_PIC = NO;
				GCC_NO_COMMON_BLOCKS = YES;
				GCC_OPTIMIZATION_LEVEL = 0;
				GCC_PREPROCESSOR_DEFINITIONS = (
					"DEBUG=1",
					"$(inherited)",
				);
				GCC_WARN_64_TO_32_BIT_CONVERSION = YES;
				GCC_WARN_ABOUT_RETURN_TYPE = YES_ERROR;
				GCC_WARN_UNDECLARED_SELECTOR = YES;
				GCC_WARN_UNINITIALIZED_AUTOS = YES_AGGRESSIVE;
				GCC_WARN_UNUSED_FUNCTION = YES;
				GCC_WARN_UNUSED_VARIABLE = YES;
				IPHONEOS_DEPLOYMENT_TARGET = 11.4;
				MTL_ENABLE_DEBUG_INFO = YES;
				ONLY_ACTIVE_ARCH = YES;
				SDKROOT = iphoneos;
				SWIFT_ACTIVE_COMPILATION_CONDITIONS = DEBUG;
				SWIFT_OPTIMIZATION_LEVEL = "-Onone";
			};
			name = Debug;
		};
		E39275DF214BBB2900C97463 /* Release */ = {
			isa = XCBuildConfiguration;
			buildSettings = {
				ALWAYS_SEARCH_USER_PATHS = NO;
				CLANG_ANALYZER_NONNULL = YES;
				CLANG_ANALYZER_NUMBER_OBJECT_CONVERSION = YES_AGGRESSIVE;
				CLANG_CXX_LANGUAGE_STANDARD = "gnu++14";
				CLANG_CXX_LIBRARY = "libc++";
				CLANG_ENABLE_MODULES = YES;
				CLANG_ENABLE_OBJC_ARC = YES;
				CLANG_ENABLE_OBJC_WEAK = YES;
				CLANG_WARN_BLOCK_CAPTURE_AUTORELEASING = YES;
				CLANG_WARN_BOOL_CONVERSION = YES;
				CLANG_WARN_COMMA = YES;
				CLANG_WARN_CONSTANT_CONVERSION = YES;
				CLANG_WARN_DEPRECATED_OBJC_IMPLEMENTATIONS = YES;
				CLANG_WARN_DIRECT_OBJC_ISA_USAGE = YES_ERROR;
				CLANG_WARN_DOCUMENTATION_COMMENTS = YES;
				CLANG_WARN_EMPTY_BODY = YES;
				CLANG_WARN_ENUM_CONVERSION = YES;
				CLANG_WARN_INFINITE_RECURSION = YES;
				CLANG_WARN_INT_CONVERSION = YES;
				CLANG_WARN_NON_LITERAL_NULL_CONVERSION = YES;
				CLANG_WARN_OBJC_IMPLICIT_RETAIN_SELF = YES;
				CLANG_WARN_OBJC_LITERAL_CONVERSION = YES;
				CLANG_WARN_OBJC_ROOT_CLASS = YES_ERROR;
				CLANG_WARN_RANGE_LOOP_ANALYSIS = YES;
				CLANG_WARN_STRICT_PROTOTYPES = YES;
				CLANG_WARN_SUSPICIOUS_MOVE = YES;
				CLANG_WARN_UNGUARDED_AVAILABILITY = YES_AGGRESSIVE;
				CLANG_WARN_UNREACHABLE_CODE = YES;
				CLANG_WARN__DUPLICATE_METHOD_MATCH = YES;
				CODE_SIGN_IDENTITY = "iPhone Developer";
				COPY_PHASE_STRIP = NO;
				DEBUG_INFORMATION_FORMAT = "dwarf-with-dsym";
				ENABLE_NS_ASSERTIONS = NO;
				ENABLE_STRICT_OBJC_MSGSEND = YES;
				GCC_C_LANGUAGE_STANDARD = gnu11;
				GCC_NO_COMMON_BLOCKS = YES;
				GCC_WARN_64_TO_32_BIT_CONVERSION = YES;
				GCC_WARN_ABOUT_RETURN_TYPE = YES_ERROR;
				GCC_WARN_UNDECLARED_SELECTOR = YES;
				GCC_WARN_UNINITIALIZED_AUTOS = YES_AGGRESSIVE;
				GCC_WARN_UNUSED_FUNCTION = YES;
				GCC_WARN_UNUSED_VARIABLE = YES;
				IPHONEOS_DEPLOYMENT_TARGET = 11.4;
				MTL_ENABLE_DEBUG_INFO = NO;
				SDKROOT = iphoneos;
				SWIFT_COMPILATION_MODE = wholemodule;
				SWIFT_OPTIMIZATION_LEVEL = "-O";
				VALIDATE_PRODUCT = YES;
			};
			name = Release;
		};
		E39275E1214BBB2900C97463 /* Debug */ = {
			isa = XCBuildConfiguration;
			buildSettings = {
				ASSETCATALOG_COMPILER_APPICON_NAME = AppIcon;
				CODE_SIGN_STYLE = Automatic;
				DEVELOPMENT_TEAM = D57T659KYT;
				INFOPLIST_FILE = "coder swag/Info.plist";
				LD_RUNPATH_SEARCH_PATHS = (
					"$(inherited)",
					"@executable_path/Frameworks",
				);
				PRODUCT_BUNDLE_IDENTIFIER = "fr.pantaloni.coder-swag";
				PRODUCT_NAME = "$(TARGET_NAME)";
				SWIFT_VERSION = 4.0;
				TARGETED_DEVICE_FAMILY = "1,2";
			};
			name = Debug;
		};
		E39275E2214BBB2900C97463 /* Release */ = {
			isa = XCBuildConfiguration;
			buildSettings = {
				ASSETCATALOG_COMPILER_APPICON_NAME = AppIcon;
				CODE_SIGN_STYLE = Automatic;
				DEVELOPMENT_TEAM = D57T659KYT;
				INFOPLIST_FILE = "coder swag/Info.plist";
				LD_RUNPATH_SEARCH_PATHS = (
					"$(inherited)",
					"@executable_path/Frameworks",
				);
				PRODUCT_BUNDLE_IDENTIFIER = "fr.pantaloni.coder-swag";
				PRODUCT_NAME = "$(TARGET_NAME)";
				SWIFT_VERSION = 4.0;
				TARGETED_DEVICE_FAMILY = "1,2";
			};
			name = Release;
		};
/* End XCBuildConfiguration section */

/* Begin XCConfigurationList section */
		E39275C9214BBB2700C97463 /* Build configuration list for PBXProject "coder swag" */ = {
			isa = XCConfigurationList;
			buildConfigurations = (
				E39275DE214BBB2900C97463 /* Debug */,
				E39275DF214BBB2900C97463 /* Release */,
			);
			defaultConfigurationIsVisible = 0;
			defaultConfigurationName = Release;
		};
		E39275E0214BBB2900C97463 /* Build configuration list for PBXNativeTarget "coder swag" */ = {
			isa = XCConfigurationList;
			buildConfigurations = (
				E39275E1214BBB2900C97463 /* Debug */,
				E39275E2214BBB2900C97463 /* Release */,
			);
			defaultConfigurationIsVisible = 0;
			defaultConfigurationName = Release;
		};
/* End XCConfigurationList section */
	};
	rootObject = E39275C6214BBB2700C97463 /* Project object */;
}
